
Microsoft Visual Studio Solution File, Format Version 12.00
Project("{FAE04EC0-301F-11D3-BF4B-00C04F79EFBC}") = "ToyStore", "ToyStore\ToyStore.csproj", "{7FA528BE-3D90-45A6-A115-08BDFB547EE8}"
EndProject
Project("{FAE04EC0-301F-11D3-BF4B-00C04F79EFBC}") = "Repositories", "Repositories\Repositories.csproj", "{7140EEEA-0100-4F5D-8932-FB41AFC8864B}"
EndProject
Project("{FAE04EC0-301F-11D3-BF4B-00C04F79EFBC}") = "Services", "Services\Services.csproj", "{C6120029-3AEF-44D1-AE5D-C2869790EE23}"
EndProject
Global
	GlobalSection(SolutionConfigurationPlatforms) = preSolution
		Debug|Any CPU = Debug|Any CPU
		Release|Any CPU = Release|Any CPU
	EndGlobalSection
	GlobalSection(ProjectConfigurationPlatforms) = postSolution
		{7FA528BE-3D90-45A6-A115-08BDFB547EE8}.Debug|Any CPU.ActiveCfg = Debug|Any CPU
		{7FA528BE-3D90-45A6-A115-08BDFB547EE8}.Debug|Any CPU.Build.0 = Debug|Any CPU
		{7FA528BE-3D90-45A6-A115-08BDFB547EE8}.Release|Any CPU.ActiveCfg = Release|Any CPU
		{7FA528BE-3D90-45A6-A115-08BDFB547EE8}.Release|Any CPU.Build.0 = Release|Any CPU
		{7140EEEA-0100-4F5D-8932-FB41AFC8864B}.Debug|Any CPU.ActiveCfg = Debug|Any CPU
		{7140EEEA-0100-4F5D-8932-FB41AFC8864B}.Debug|Any CPU.Build.0 = Debug|Any CPU
		{7140EEEA-0100-4F5D-8932-FB41AFC8864B}.Release|Any CPU.ActiveCfg = Release|Any CPU
		{7140EEEA-0100-4F5D-8932-FB41AFC8864B}.Release|Any CPU.Build.0 = Release|Any CPU
		{C6120029-3AEF-44D1-AE5D-C2869790EE23}.Debug|Any CPU.ActiveCfg = Debug|Any CPU
		{C6120029-3AEF-44D1-AE5D-C2869790EE23}.Debug|Any CPU.Build.0 = Debug|Any CPU
		{C6120029-3AEF-44D1-AE5D-C2869790EE23}.Release|Any CPU.ActiveCfg = Release|Any CPU
		{C6120029-3AEF-44D1-AE5D-C2869790EE23}.Release|Any CPU.Build.0 = Release|Any CPU
	EndGlobalSection
EndGlobal
